
Microsoft Visual Studio Solution File, Format Version 12.00
# Visual Studio Version 17
VisualStudioVersion = 17.7.34031.279
MinimumVisualStudioVersion = 10.0.40219.1
Project("{8BC9CEB8-8B4A-11D0-8D11-00A0C91BC942}") = "O_E02", "O_E02\O_E02.vcxproj", "{36DD4E4C-2BD8-4E04-B7E4-D3A234358F33}"
EndProject
Global
	GlobalSection(SolutionConfigurationPlatforms) = preSolution
		Debug|x64 = Debug|x64
		Debug|x86 = Debug|x86
		Release|x64 = Release|x64
		Release|x86 = Release|x86
	EndGlobalSection
	GlobalSection(ProjectConfigurationPlatforms) = postSolution
		{36DD4E4C-2BD8-4E04-B7E4-D3A234358F33}.Debug|x64.ActiveCfg = Debug|x64
		{36DD4E4C-2BD8-4E04-B7E4-D3A234358F33}.Debug|x64.Build.0 = Debug|x64
		{36DD4E4C-2BD8-4E04-B7E4-D3A234358F33}.Debug|x86.ActiveCfg = Debug|Win32
		{36DD4E4C-2BD8-4E04-B7E4-D3A234358F33}.Debug|x86.Build.0 = Debug|Win32
		{36DD4E4C-2BD8-4E04-B7E4-D3A234358F33}.Release|x64.ActiveCfg = Release|x64
		{36DD4E4C-2BD8-4E04-B7E4-D3A234358F33}.Release|x64.Build.0 = Release|x64
		{36DD4E4C-2BD8-4E04-B7E4-D3A234358F33}.Release|x86.ActiveCfg = Release|Win32
		{36DD4E4C-2BD8-4E04-B7E4-D3A234358F33}.Release|x86.Build.0 = Release|Win32
	EndGlobalSection
	GlobalSection(SolutionProperties) = preSolution
		HideSolutionNode = FALSE
	EndGlobalSection
	GlobalSection(ExtensibilityGlobals) = postSolution
		SolutionGuid = {EBCC79A2-C008-4736-BA91-8223EB188222}
	EndGlobalSection
EndGlobal
